{"1.2.0",
[{<<"elli">>,{pkg,<<"elli">>,<<"3.1.0">>},0},
 {<<"erlydtl">>,{pkg,<<"erlydtl">>,<<"0.14.0">>},0},
 {<<"jsone">>,{pkg,<<"jsone">>,<<"1.6.1">>},0}]}.
[
{pkg_hash,[
 {<<"elli">>, <<"3B0C46B549BAC00DB06FF79A87B69A7FE06F3B24E7E06858FF6CCD9654276785">>},
 {<<"erlydtl">>, <<"964B2DC84F8C17ACFAA69C59BA129EF26AC45D2BA898C3C6AD9B5BDC8BA13CED">>},
 {<<"jsone">>, <<"7EA1098FE004C4127320FE0E3CF6A951B01F82039FEAA56C322DC7E34DD59762">>}]},
{pkg_hash_ext,[
 {<<"elli">>, <<"3AF5F66616187A303EC722F957DDA7E09951A2FA2EE797EECBDFF5E2109417E8">>},
 {<<"erlydtl">>, <<"D80EC044CD8F58809C19D29AC5605BE09E955040911B644505E31E9DD8143431">>},
 {<<"jsone">>, <<"A6C1DF6081DF742068D2ED747A4FE8A7740C56421B53E02BC9D4907DD3502922">>}]}
].
